{
  "version": "2",
  "remote": {
    "https://deno.land/std@0.161.0/_util/assert.ts": "e94f2eb37cebd7f199952e242c77654e43333c1ac4c5c700e929ea3aa5489f74",
    "https://deno.land/std@0.161.0/_util/os.ts": "8a33345f74990e627b9dfe2de9b040004b08ea5146c7c9e8fe9a29070d193934",
    "https://deno.land/std@0.161.0/encoding/base64.ts": "c57868ca7fa2fbe919f57f88a623ad34e3d970d675bdc1ff3a9d02bba7409db2",
    "https://deno.land/std@0.161.0/fmt/colors.ts": "9e36a716611dcd2e4865adea9c4bec916b5c60caad4cdcdc630d4974e6bb8bd4",
    "https://deno.land/std@0.161.0/path/_constants.ts": "df1db3ffa6dd6d1252cc9617e5d72165cd2483df90e93833e13580687b6083c3",
    "https://deno.land/std@0.161.0/path/_interface.ts": "ee3b431a336b80cf445441109d089b70d87d5e248f4f90ff906820889ecf8d09",
    "https://deno.land/std@0.161.0/path/_util.ts": "d16be2a16e1204b65f9d0dfc54a9bc472cafe5f4a190b3c8471ec2016ccd1677",
    "https://deno.land/std@0.161.0/path/common.ts": "bee563630abd2d97f99d83c96c2fa0cca7cee103e8cb4e7699ec4d5db7bd2633",
    "https://deno.land/std@0.161.0/path/glob.ts": "cb5255638de1048973c3e69e420c77dc04f75755524cb3b2e160fe9277d939ee",
    "https://deno.land/std@0.161.0/path/mod.ts": "56fec03ad0ebd61b6ab39ddb9b0ddb4c4a5c9f2f4f632e09dd37ec9ebfd722ac",
    "https://deno.land/std@0.161.0/path/posix.ts": "6b63de7097e68c8663c84ccedc0fd977656eb134432d818ecd3a4e122638ac24",
    "https://deno.land/std@0.161.0/path/separator.ts": "fe1816cb765a8068afb3e8f13ad272351c85cbc739af56dacfc7d93d710fe0f9",
    "https://deno.land/std@0.161.0/path/win32.ts": "ee8826dce087d31c5c81cd414714e677eb68febc40308de87a2ce4b40e10fb8d",
    "https://deno.land/std@0.86.0/_util/assert.ts": "2f868145a042a11d5ad0a3c748dcf580add8a0dbc0e876eaa0026303a5488f58",
    "https://deno.land/std@0.86.0/_util/os.ts": "e282950a0eaa96760c0cf11e7463e66babd15ec9157d4c9ed49cc0925686f6a7",
    "https://deno.land/std@0.86.0/fmt/colors.ts": "d253f2367e5feebcf0f49676533949c09ea07a2d95fb74958f6f5c1c22fbec49",
    "https://deno.land/std@0.86.0/fmt/printf.ts": "ddba269db22830532da9955607831c89d36d2627ce4abbb50638729e70559be8",
    "https://deno.land/std@0.86.0/path/_constants.ts": "1247fee4a79b70c89f23499691ef169b41b6ccf01887a0abd131009c5581b853",
    "https://deno.land/std@0.86.0/path/_interface.ts": "1fa73b02aaa24867e481a48492b44f2598cd9dfa513c7b34001437007d3642e4",
    "https://deno.land/std@0.86.0/path/_util.ts": "f4fa69aa3cbbd8568763bfc43c7236875015ba343602d8bafd332b4b4243681b",
    "https://deno.land/std@0.86.0/path/common.ts": "eaf03d08b569e8a87e674e4e265e099f237472b6fd135b3cbeae5827035ea14a",
    "https://deno.land/std@0.86.0/path/glob.ts": "4a524c1c9da3e79a9fdabdc6e850cd9e41bdf31e442856ffa19c5b123268ca95",
    "https://deno.land/std@0.86.0/path/mod.ts": "4465dc494f271b02569edbb4a18d727063b5dbd6ed84283ff906260970a15d12",
    "https://deno.land/std@0.86.0/path/posix.ts": "1408f8ba482a4dc5fc0a7cd7be28bbbff9608d2b3b5ffdcf288ae1228d959add",
    "https://deno.land/std@0.86.0/path/separator.ts": "8fdcf289b1b76fd726a508f57d3370ca029ae6976fcde5044007f062e643ff1c",
    "https://deno.land/std@0.86.0/path/win32.ts": "6ca052f54500f00cd7a5172fde62900626ab620dcd5bdcf4e6f5695d001ddef6",
    "https://deno.land/std@0.86.0/testing/_diff.ts": "961eaf6d9f5b0a8556c9d835bbc6fa74f5addd7d3b02728ba7936ff93364f7a3",
    "https://deno.land/std@0.86.0/testing/asserts.ts": "de942b2e1cb6dac1c1c4a7b698be017337e2e2cc2252ae0a6d215c5befde1e82",
    "https://deno.land/std@0.92.0/_util/assert.ts": "2f868145a042a11d5ad0a3c748dcf580add8a0dbc0e876eaa0026303a5488f58",
    "https://deno.land/std@0.92.0/_util/os.ts": "e282950a0eaa96760c0cf11e7463e66babd15ec9157d4c9ed49cc0925686f6a7",
    "https://deno.land/std@0.92.0/fs/_util.ts": "f2ce811350236ea8c28450ed822a5f42a0892316515b1cd61321dec13569c56b",
    "https://deno.land/std@0.92.0/fs/ensure_dir.ts": "f21262e788a707aaa2dd22064da7cd40e3b2f0f067e9b2aed1b288091170cc05",
    "https://deno.land/std@0.92.0/fs/ensure_file.ts": "84c7cff81ecedef3969e3fcd2d0c2aecd9bafea246cd18847deba7a54126134f",
    "https://deno.land/std@0.92.0/fs/eol.ts": "afaebaaac36f48c423b920c836551997715672b80a0fee9aa7667c181a94f2df",
    "https://deno.land/std@0.92.0/fs/exists.ts": "b0d2e31654819cc2a8d37df45d6b14686c0cc1d802e9ff09e902a63e98b85a00",
    "https://deno.land/std@0.92.0/fs/walk.ts": "8d37f2164a7397668842a7cb5d53b9e7bcd216462623b1b96abe519f76d7f8b9",
    "https://deno.land/std@0.92.0/path/_constants.ts": "1247fee4a79b70c89f23499691ef169b41b6ccf01887a0abd131009c5581b853",
    "https://deno.land/std@0.92.0/path/_interface.ts": "1fa73b02aaa24867e481a48492b44f2598cd9dfa513c7b34001437007d3642e4",
    "https://deno.land/std@0.92.0/path/_util.ts": "2e06a3b9e79beaf62687196bd4b60a4c391d862cfa007a20fc3a39f778ba073b",
    "https://deno.land/std@0.92.0/path/common.ts": "eaf03d08b569e8a87e674e4e265e099f237472b6fd135b3cbeae5827035ea14a",
    "https://deno.land/std@0.92.0/path/glob.ts": "4a524c1c9da3e79a9fdabdc6e850cd9e41bdf31e442856ffa19c5b123268ca95",
    "https://deno.land/std@0.92.0/path/mod.ts": "4465dc494f271b02569edbb4a18d727063b5dbd6ed84283ff906260970a15d12",
    "https://deno.land/std@0.92.0/path/posix.ts": "f56c3c99feb47f30a40ce9d252ef6f00296fa7c0fcb6dd81211bdb3b8b99ca3b",
    "https://deno.land/std@0.92.0/path/separator.ts": "8fdcf289b1b76fd726a508f57d3370ca029ae6976fcde5044007f062e643ff1c",
    "https://deno.land/std@0.92.0/path/win32.ts": "77f7b3604e0de40f3a7c698e8a79e7f601dc187035a1c21cb1e596666ce112f8",
    "https://deno.land/x/cliffy@v0.25.4/_utils/distance.ts": "02af166952c7c358ac83beae397aa2fbca4ad630aecfcd38d92edb1ea429f004",
    "https://deno.land/x/cliffy@v0.25.4/ansi/ansi_escapes.ts": "885f61f343223f27b8ec69cc138a54bea30542924eacd0f290cd84edcf691387",
    "https://deno.land/x/cliffy@v0.25.4/ansi/chain.ts": "31fb9fcbf72fed9f3eb9b9487270d2042ccd46a612d07dd5271b1a80ae2140a0",
    "https://deno.land/x/cliffy@v0.25.4/ansi/cursor_position.ts": "d537491e31d9c254b208277448eff92ff7f55978c4928dea363df92c0df0813f",
    "https://deno.land/x/cliffy@v0.25.4/ansi/deps.ts": "73ade5630e81216ede16a2908937cf55134290bb1822220df20ce4ba2d1ad337",
    "https://deno.land/x/cliffy@v0.25.4/ansi/tty.ts": "8fb064c17ead6cdf00c2d3bc87a9fd17b1167f2daa575c42b516f38bdb604673",
    "https://deno.land/x/cliffy@v0.25.4/keycode/key_code.ts": "b768c9227b8142cff3beb0a0bbe5d9119ba085c7f520f71799916f17d93a8daf",
    "https://deno.land/x/cliffy@v0.25.4/keycode/key_codes.ts": "917f0a2da0dbace08cf29bcfdaaa2257da9fe7e705fff8867d86ed69dfb08cfe",
    "https://deno.land/x/cliffy@v0.25.4/prompt/_generic_input.ts": "65ed92d1f7ee616cc2926ae4d9b94445ac785fa6a6f584793e572dfcda8700eb",
    "https://deno.land/x/cliffy@v0.25.4/prompt/_generic_list.ts": "85ab9aeb5b2288d9d4ef47ead6ea591bd1954ada113e3ff0d355b0670b576bad",
    "https://deno.land/x/cliffy@v0.25.4/prompt/_generic_prompt.ts": "8b4a7d8c23a42cbdaa919fdb9b33b9eac33e5214a41202f5a8110ec988ee8e3c",
    "https://deno.land/x/cliffy@v0.25.4/prompt/_generic_suggestions.ts": "42b9a8f6d447d0dde1b904c2fc9f47bb04da2cfa2670ade4f459b1ec306aa194",
    "https://deno.land/x/cliffy@v0.25.4/prompt/confirm.ts": "9de9fd0e51f939bac0c6a5758bf6c9aa438d5916de196761091d689c6f950cf0",
    "https://deno.land/x/cliffy@v0.25.4/prompt/deps.ts": "12d5b88381ba80a3d6c173dea82e715b106087825602731d01322ea6499ba0d2",
    "https://deno.land/x/cliffy@v0.25.4/prompt/figures.ts": "26af0fbfe21497220e4b887bb550fab997498cde14703b98e78faf370fbb4b94",
    "https://deno.land/x/cliffy@v0.25.4/prompt/input.ts": "5c579a21150228528e81d219dab23503b5d497bb511ccad72c34db3d323c580f",
    "https://deno.land/x/cliffy@v0.25.4/prompt/select.ts": "daf9db5a1c07e51c32a94313c9d29faf3b58ab4f547b5331cdcfa6b655e42be5",
    "https://deno.land/x/cliui@v7.0.4-deno/build/lib/index.d.ts": "4f04923352ce24027ad6fe25c85249e0b0cc5c29fe18d62024d004c59d9e41ee",
    "https://deno.land/x/cliui@v7.0.4-deno/build/lib/index.js": "fb6030c7b12602a4fca4d81de3ddafa301ba84fd9df73c53de6f3bdda7b482d5",
    "https://deno.land/x/cliui@v7.0.4-deno/build/lib/string-utils.js": "b3eb9d2e054a43a3064af17332fb1839a7dadb205c5371af4789616afb1a117f",
    "https://deno.land/x/cliui@v7.0.4-deno/deno.ts": "d07bc3338661f8011e3a5fd215061d17a52107a5383c29f40ce0c1ecb8bb8cc3",
    "https://deno.land/x/escalade@v3.0.3/sync.ts": "493bc66563292c5c10c4a75a467a5933f24dad67d74b0f5a87e7b988fe97c104",
    "https://deno.land/x/ramda@v0.27.2/source/always.js": "b38ca58da76a43663c33dfd52a4b09f6f582b8504fd767e204e85291fe9b03ae",
    "https://deno.land/x/ramda@v0.27.2/source/assocPath.js": "e73615bb6af97ac6264b1497826a72be278f5eb944bb9a09bfd49b5b51a64667",
    "https://deno.land/x/ramda@v0.27.2/source/bind.js": "e54151679a653e4a429f06a4083b951a2956352d43342be2d9362caf15c5284c",
    "https://deno.land/x/ramda@v0.27.2/source/curryN.js": "523d173826331f03aff210ea1932a445e0d77acdf96f0b337de96fa0cca78903",
    "https://deno.land/x/ramda@v0.27.2/source/empty.js": "df91fc65b55ad83236fbc18e76c599db75c36395ea812a492cb56d95e337fb8f",
    "https://deno.land/x/ramda@v0.27.2/source/equals.js": "7f54bec675761df5cb71b7cc32a169d2e944c91575d6a9c2304dad7a1ced3373",
    "https://deno.land/x/ramda@v0.27.2/source/internal/_arity.js": "4fa349e2c3d0da5c102353f86025b093844ea13a40b0d70ebb21302b6c9a5bb2",
    "https://deno.land/x/ramda@v0.27.2/source/internal/_arrayFromIterator.js": "f46149927bafa8f0fb7f0fdd0eaa19da4b4d7ce147bcecf0fb7406c1a0ca0e91",
    "https://deno.land/x/ramda@v0.27.2/source/internal/_assoc.js": "8200e22a3f4a931e6b416260e516f2c016b1e7f3821e97f39009ff6acabf32f7",
    "https://deno.land/x/ramda@v0.27.2/source/internal/_curry1.js": "471de08b6eba9bdbda8bc3adf75a6c85579abf44b1af9b079b631680d1331bf3",
    "https://deno.land/x/ramda@v0.27.2/source/internal/_curry2.js": "2c8ae1b2f6f1f29ae72507eb2f8affa2d29d7e6d593c74c2ab8b11ab7c077ea0",
    "https://deno.land/x/ramda@v0.27.2/source/internal/_curry3.js": "4df2775934c2a02472b806c18f4fefcd2f0a330568c7818e3937ed9c05fde9cb",
    "https://deno.land/x/ramda@v0.27.2/source/internal/_curryN.js": "e5772e002d36f419f9b29ee72d58f6605d99f05a59fb9f234df6f11bdd0c91ed",
    "https://deno.land/x/ramda@v0.27.2/source/internal/_dispatchable.js": "d0caa3b83bcaf612ce5ccc1ef1e3bee8bd0b7c70cd688522d7a1922078d0c8f9",
    "https://deno.land/x/ramda@v0.27.2/source/internal/_equals.js": "3e10ce96699dcb1d463be64798cf81e0bbb293e1a91e8b3c1fbfb64cda572604",
    "https://deno.land/x/ramda@v0.27.2/source/internal/_functionName.js": "15f79e21d2e991ace32b12ae7a0f6ae408a3fec5adb1896d97894eb77c640537",
    "https://deno.land/x/ramda@v0.27.2/source/internal/_has.js": "ae63f8e7fffa2034444b2fe2cc71b1ef6d284433470a3b2e4bb73c96f543efcb",
    "https://deno.land/x/ramda@v0.27.2/source/internal/_includesWith.js": "0af347d206c2cef356e69de9363d182346662cda8f218fe8214d2b66dd8b47c3",
    "https://deno.land/x/ramda@v0.27.2/source/internal/_isArguments.js": "9d10b36c8ec8ebef19308a846cbb4742a72808da7739480b9487ca6374274ac5",
    "https://deno.land/x/ramda@v0.27.2/source/internal/_isArray.js": "6389121e11857e7db42afc5e6adb55c1d4ac84ea86abece78e0b73a04d6e5e02",
    "https://deno.land/x/ramda@v0.27.2/source/internal/_isArrayLike.js": "2fbbd1bd6dd5c31465ce87ba684b57ddf084506656ebc554d659bdb42799e017",
    "https://deno.land/x/ramda@v0.27.2/source/internal/_isInteger.js": "1e0accc105f8ce4d91e9406bcf45369f3d314812dc5bad29362c0c36fae59db8",
    "https://deno.land/x/ramda@v0.27.2/source/internal/_isObject.js": "e49a67e910ff51efac8d1267f1e813d0c7575a09578b5408c2ccc352752b701c",
    "https://deno.land/x/ramda@v0.27.2/source/internal/_isPlaceholder.js": "f0e59347c4077d5b524cf87afac7f12ff5bb6d05a0664046dcc21057f4451660",
    "https://deno.land/x/ramda@v0.27.2/source/internal/_isString.js": "defc6d87c06b2dea7f75bfab57ff7591804acda65594130cb8d3af7fe618e42d",
    "https://deno.land/x/ramda@v0.27.2/source/internal/_isTransformer.js": "f90ec4a0fb72c8d378f639d02457d71b9fe2260c7d155ce7065260d865b29b89",
    "https://deno.land/x/ramda@v0.27.2/source/internal/_isTypedArray.js": "9d365262f7a253a3d31d930fc37e15049fb7f95079f206652ce0bea88294d350",
    "https://deno.land/x/ramda@v0.27.2/source/internal/_map.js": "9ed8773d457a11630b1b60a05a5aa88f4eb697eae9b5fea4bd4ab0e9a2dcfa44",
    "https://deno.land/x/ramda@v0.27.2/source/internal/_objectIs.js": "96818c22093a4a6465c11760ee82538392bae907daf4c29ab9a0d8c814dfb4d0",
    "https://deno.land/x/ramda@v0.27.2/source/internal/_reduce.js": "dede31c8204bee0fbe39f064ba1c85db32997092c9bfe83c3d6d178673ffc93b",
    "https://deno.land/x/ramda@v0.27.2/source/internal/_xfBase.js": "4940a7f86cf2e06b3864588b68b8f8dc3f5626285a71725bc23ca45204b25ba8",
    "https://deno.land/x/ramda@v0.27.2/source/internal/_xmap.js": "fee34673a9500dacda51bc2eef5655bccee9f870f003912d3d21c8ebffef6b40",
    "https://deno.land/x/ramda@v0.27.2/source/internal/_xwrap.js": "bd5c91087b37e811168370937a3d86e67c76791b0e15be624c992c7020c25e0a",
    "https://deno.land/x/ramda@v0.27.2/source/isEmpty.js": "aefbcf318cc3d96fab03c8389130586d171cfcad727f3baccc1db701895eed5f",
    "https://deno.land/x/ramda@v0.27.2/source/isNil.js": "8b2f125a75429b4176fc868359a00ed17b1d7fb2b16b4e02fa118bd4e7eb3305",
    "https://deno.land/x/ramda@v0.27.2/source/keys.js": "86743eb43e3971c1faeb06bd89dcc475033c65f37ee4738737658904781c3393",
    "https://deno.land/x/ramda@v0.27.2/source/lens.js": "000fecf9849fb2fe44e0d53f6658adb64fadfccaa51268341505fb9fdfeb49ef",
    "https://deno.land/x/ramda@v0.27.2/source/lensPath.js": "cf78dc1749a2f0e1bf39e3efb204742c0dee9938b8ad6ad11b00fac89408b255",
    "https://deno.land/x/ramda@v0.27.2/source/map.js": "c4a8a02e30f2d24fcca8ee04f1dcea0a2e585d9265817b4c59f14aaa4c9ef48e",
    "https://deno.land/x/ramda@v0.27.2/source/mergeDeepRight.js": "d303ee731034f4c7a16fb7da0b9c2ffd27f4cc8a80a57ecdf1e865a2b8b60044",
    "https://deno.land/x/ramda@v0.27.2/source/mergeDeepWithKey.js": "0586221974798b20016471605a90b30bf614d544a2723cc23d0ec7a1165dffc1",
    "https://deno.land/x/ramda@v0.27.2/source/mergeWithKey.js": "d8ffbcfa7f443971282f8ca259ee90d447b36ee28c5f16b0a8920c6065f64447",
    "https://deno.land/x/ramda@v0.27.2/source/nth.js": "53d6932e224a92a49b4a7d20d310995168961286f466c6821d18962f46122978",
    "https://deno.land/x/ramda@v0.27.2/source/over.js": "1bafb3f3adb80e842e3f85fbc9cec7d1ff45d74a521155ff874513e5ea656272",
    "https://deno.land/x/ramda@v0.27.2/source/path.js": "6e0f6fbfd48310ae97e8b7db1dc10f667792e00b472e918d48299b62c6bdc181",
    "https://deno.land/x/ramda@v0.27.2/source/paths.js": "10e5e2efea2f6846d9599a733765142233c8462dc840f75bdfa49a79850ce93a",
    "https://deno.land/x/ramda@v0.27.2/source/set.js": "1529e3b9939e47d4c472d9109919eb69023902c4a7f512a9867dd8ceb63bce5b",
    "https://deno.land/x/ramda@v0.27.2/source/type.js": "21080ce17378149b100374d4e4066b8ad62795f5cd8cd14f51304b24750ed06c",
    "https://deno.land/x/y18n@v5.0.0-deno/build/lib/index.d.ts": "11f40d97041eb271cc1a1c7b296c6e7a068d4843759575e7416f0d14ebf8239c",
    "https://deno.land/x/y18n@v5.0.0-deno/build/lib/index.js": "92c4624714aa508d33c6d21c0b0ffa072369a8b306e5f8c7727662f570bbd026",
    "https://deno.land/x/y18n@v5.0.0-deno/deno.ts": "80997f0709a0b43d29931e2b33946f2bbc32b13fd82f80a5409628455427e28d",
    "https://deno.land/x/y18n@v5.0.0-deno/lib/platform-shims/deno.ts": "8fa2c96ac03734966260cfd2c5bc240e41725c913e5b64a0297aede09f52b39d",
    "https://deno.land/x/yargs@v17.5.1-deno/build/lib/argsert.js": "eb085555452eac3ff300935994a42f35d16e04cf698cb775cb5ad4f5653c0627",
    "https://deno.land/x/yargs@v17.5.1-deno/build/lib/command.js": "5226c9b9ae869029e7135064f72a3d0e98fd798a3d8fe323c97a001406f3b5a4",
    "https://deno.land/x/yargs@v17.5.1-deno/build/lib/completion-templates.js": "d9bbed244af4394b786f8abce9efbbdc3777a73458ebd7b6bf23b2495ac11027",
    "https://deno.land/x/yargs@v17.5.1-deno/build/lib/completion.js": "685a0af1686d6d40dc68564be1cde55c78d803821c236d38af67275482d7c99b",
    "https://deno.land/x/yargs@v17.5.1-deno/build/lib/middleware.js": "6ab9c953a83264739aa50d7fa6b1ab693500336dfd593b9958865e12beb8bdeb",
    "https://deno.land/x/yargs@v17.5.1-deno/build/lib/parse-command.js": "327242c0afae207b7aefa13133439e3b321d7db4229febc5b7bd5285770ac7f7",
    "https://deno.land/x/yargs@v17.5.1-deno/build/lib/typings/common-types.js": "9618b81a86acb88a61fd9988e9bc3ec21c5250d94fc2231ba7d898e71500789d",
    "https://deno.land/x/yargs@v17.5.1-deno/build/lib/usage.js": "cc921e3ff450df820df602b3a719c83cf4deb2059b26a87f758fbdb6845e63bf",
    "https://deno.land/x/yargs@v17.5.1-deno/build/lib/utils/apply-extends.js": "64640dce92669705abead3bdbe2c46c8318c8623843a55e4726fb3c55ff9dd1d",
    "https://deno.land/x/yargs@v17.5.1-deno/build/lib/utils/is-promise.js": "be45baa3090c5106dd4e442cceef6b357a268783a2ee28ec10fe131a8cd8db72",
    "https://deno.land/x/yargs@v17.5.1-deno/build/lib/utils/levenshtein.js": "d8638efc3376b5f794b1c8df6ef4f3d484b29d919127c7fdc242400e3cfded91",
    "https://deno.land/x/yargs@v17.5.1-deno/build/lib/utils/maybe-async-result.js": "31cf4026279e14c87d16faa14ac758f35c8cc5795d29393c5ce07120f5a3caf6",
    "https://deno.land/x/yargs@v17.5.1-deno/build/lib/utils/obj-filter.js": "5523fb2288d1e86ed48c460e176770b49587554df4ae2405b468c093786b040b",
    "https://deno.land/x/yargs@v17.5.1-deno/build/lib/utils/set-blocking.js": "6fa8ffc3299f456e42902736bae35fbc1f2dc96b3905a02ba9629f5bd9f80af1",
    "https://deno.land/x/yargs@v17.5.1-deno/build/lib/utils/which-module.js": "9267633b2c9f8990b2c699101b641e59ae59932e0dee5270613c0508bfa13c5d",
    "https://deno.land/x/yargs@v17.5.1-deno/build/lib/validation.js": "af040834cb9201d4238bbeb8f673eb2ebaff9611857270524a7c86dfcf2ca51b",
    "https://deno.land/x/yargs@v17.5.1-deno/build/lib/yargs-factory.js": "b6a0d809e47b36ad63668b1917e979c4da87ab02a9a9004450781b2ab28b1010",
    "https://deno.land/x/yargs@v17.5.1-deno/build/lib/yerror.js": "9729aaa8bce1a0d00c57f470efb2ad76ad2988661bb48f3769e496a3435b4462",
    "https://deno.land/x/yargs@v17.5.1-deno/deno.ts": "f3df0bfd08ba367ec36dc59ef6cab1a391ace49ad44387ec5fe5d76289af08af",
    "https://deno.land/x/yargs@v17.5.1-deno/lib/platform-shims/deno.ts": "14c4db47fc5c0f504aa9789fda73781b63b93db53fd2c57be6930b915106da5a",
    "https://deno.land/x/yargs@v17.7.2-deno/build/lib/argsert.js": "eb085555452eac3ff300935994a42f35d16e04cf698cb775cb5ad4f5653c0627",
    "https://deno.land/x/yargs@v17.7.2-deno/build/lib/command.js": "6249ffd299e16a1e531ccff13a23aed7b7eef37e20b6e6ab7f254413aece6ca6",
    "https://deno.land/x/yargs@v17.7.2-deno/build/lib/completion-templates.js": "d9bbed244af4394b786f8abce9efbbdc3777a73458ebd7b6bf23b2495ac11027",
    "https://deno.land/x/yargs@v17.7.2-deno/build/lib/completion.js": "62e41220b5baa7c082f72638c7eab23a69fff46a78011f2c448e2a2f1fcfd05a",
    "https://deno.land/x/yargs@v17.7.2-deno/build/lib/middleware.js": "6ab9c953a83264739aa50d7fa6b1ab693500336dfd593b9958865e12beb8bdeb",
    "https://deno.land/x/yargs@v17.7.2-deno/build/lib/parse-command.js": "327242c0afae207b7aefa13133439e3b321d7db4229febc5b7bd5285770ac7f7",
    "https://deno.land/x/yargs@v17.7.2-deno/build/lib/typings/common-types.js": "9618b81a86acb88a61fd9988e9bc3ec21c5250d94fc2231ba7d898e71500789d",
    "https://deno.land/x/yargs@v17.7.2-deno/build/lib/usage.js": "31faaa7aa61e5a57a2cac5a269b773aa8b1fcab2db7cac2f8252396f3ccc2f5e",
    "https://deno.land/x/yargs@v17.7.2-deno/build/lib/utils/apply-extends.js": "64640dce92669705abead3bdbe2c46c8318c8623843a55e4726fb3c55ff9dd1d",
    "https://deno.land/x/yargs@v17.7.2-deno/build/lib/utils/is-promise.js": "be45baa3090c5106dd4e442cceef6b357a268783a2ee28ec10fe131a8cd8db72",
    "https://deno.land/x/yargs@v17.7.2-deno/build/lib/utils/levenshtein.js": "d8638efc3376b5f794b1c8df6ef4f3d484b29d919127c7fdc242400e3cfded91",
    "https://deno.land/x/yargs@v17.7.2-deno/build/lib/utils/maybe-async-result.js": "31cf4026279e14c87d16faa14ac758f35c8cc5795d29393c5ce07120f5a3caf6",
    "https://deno.land/x/yargs@v17.7.2-deno/build/lib/utils/obj-filter.js": "5523fb2288d1e86ed48c460e176770b49587554df4ae2405b468c093786b040b",
    "https://deno.land/x/yargs@v17.7.2-deno/build/lib/utils/set-blocking.js": "6fa8ffc3299f456e42902736bae35fbc1f2dc96b3905a02ba9629f5bd9f80af1",
    "https://deno.land/x/yargs@v17.7.2-deno/build/lib/utils/which-module.js": "9267633b2c9f8990b2c699101b641e59ae59932e0dee5270613c0508bfa13c5d",
    "https://deno.land/x/yargs@v17.7.2-deno/build/lib/validation.js": "af040834cb9201d4238bbeb8f673eb2ebaff9611857270524a7c86dfcf2ca51b",
    "https://deno.land/x/yargs@v17.7.2-deno/build/lib/yargs-factory.js": "05326932b431801d7459d5b14b21f73f13ebd74a8a74e9b7b8cec5f99ba14819",
    "https://deno.land/x/yargs@v17.7.2-deno/build/lib/yerror.js": "9729aaa8bce1a0d00c57f470efb2ad76ad2988661bb48f3769e496a3435b4462",
    "https://deno.land/x/yargs@v17.7.2-deno/deno.ts": "f3df0bfd08ba367ec36dc59ef6cab1a391ace49ad44387ec5fe5d76289af08af",
    "https://deno.land/x/yargs@v17.7.2-deno/lib/platform-shims/deno.ts": "1d3d490a7f3c6f971a44dd92e12a042f988f1b6496df3a9c43ccc69563032dff",
    "https://deno.land/x/yargs_parser@v20.2.4-deno/build/lib/string-utils.js": "12fc056b23703bc370aae5b179dc5abee53fca277abc30eaf76f78d2546d6413",
    "https://deno.land/x/yargs_parser@v20.2.4-deno/build/lib/tokenize-arg-string.js": "7e0875b11795b8e217386e45f14b24a6e501ebbc62e15aa469aa8829d4d0ee61",
    "https://deno.land/x/yargs_parser@v20.2.4-deno/build/lib/yargs-parser-types.d.ts": "434deb76c6632b3b6cbc4c6f153f8aca04e06055ae9c6b24b40218cbc42688d9",
    "https://deno.land/x/yargs_parser@v20.2.4-deno/build/lib/yargs-parser.js": "453200a7dfbb002e605d8009b7dad30f2b1d93665e046ab89c073a4fe63dfd48",
    "https://deno.land/x/yargs_parser@v20.2.4-deno/deno.ts": "ad53c0c82c3982c4fc5be9472384b259e0a32ce1f7ae0f68de7b2445df5642fc",
    "https://raw.githubusercontent.com/quilicicf/Stoyle/0.2.0/mod.ts": "1617cb93a593766e6f3eb2ecc11e56be9298b2dc378d99c344b48ab779edd6f4"
  }
}
